lockfileVersion: 5.4

importers:
  .:
    specifiers: {}

  generate_swcrc:
    specifiers:
      tsconfig-to-swcconfig: ~2.0.1
    devDependencies:
      tsconfig-to-swcconfig: 2.0.1

  plugins:
    specifiers:
      "@swc/plugin-transform-imports": 1.5.41
    devDependencies:
      "@swc/plugin-transform-imports": 1.5.41

packages:
  /@swc/plugin-transform-imports/1.5.41:
    resolution:
      {
        integrity: sha512-sywDxWfKg3Jqm7s7X81uN9P6HbrX9oBYF8lHYzT6/1c/ovVG3RGG/1bDOQpzb+IC7C/h2oI2ESOKMKibbKsq1Q==,
      }
    dev: true

  /deepmerge/4.2.2:
    resolution:
      {
        integrity: sha512-FJ3UgI4gIl+PHZm53knsuSFpE+nESMr7M4v9QcgB7S63Kj/6WqMiFQJpBBYz1Pt+66bZpP3Q7Lye0Oo9MPKEdg==,
        registry: https://registry.npmjs.com/,
      }
    engines: { node: ">=0.10.0" }
    dev: true

  /joycon/3.1.1:
    resolution:
      {
        integrity: sha512-34wB/Y7MW7bzjKRjUKTa46I2Z7eV62Rkhva+KkopW7Qvv/OSWBqvkSY7vusOPrNuZcUG3tApvdVgNB8POj3SPw==,
        registry: https://registry.npmjs.com/,
      }
    engines: { node: ">=10" }
    dev: true

  /jsonc-parser/3.2.0:
    resolution:
      {
        integrity: sha512-gfFQZrcTc8CnKXp6Y4/CBT3fTc0OVuDofpre4aEeEpSBPV5X5v4+Vmx+8snU7RLPrNHPKSgLxGo9YuQzz20o+w==,
        registry: https://registry.npmjs.com/,
      }
    dev: true

  /tsconfig-to-swcconfig/2.0.1:
    resolution:
      {
        integrity: sha512-GD4rQFgw2Vdi9D81eO7F0OfKZPiBPdyB5mwbUgnGqD3jWBT8dW9TDT9vLMkbyEYM+FSv09nqmbZpzAdRDni0WQ==,
        registry: https://registry.npmjs.com/,
      }
    dependencies:
      deepmerge: 4.2.2
      joycon: 3.1.1
      jsonc-parser: 3.2.0
    dev: true
