lockfileVersion: "6.1"

settings:
  autoInstallPeers: true
  excludeLinksFromLockfile: false

importers:
  .:
    dependencies:
      source-map-support:
        specifier: ^0.5.21
        version: 0.5.21
    devDependencies:
      typescript:
        specifier: 5.2.2
        version: registry.npmjs.org/typescript@5.2.2

  generate_swcrc:
    devDependencies:
      tsconfig-to-swcconfig:
        specifier: ^2.4.0
        version: 2.4.0

  plugins:
    devDependencies:
      "@swc/plugin-transform-imports":
        specifier: 1.5.70
        version: 1.5.70

packages:
  /@fastify/deepmerge@1.3.0:
    resolution:
      {
        integrity: sha512-J8TOSBq3SoZbDhM9+R/u77hP93gz/rajSA+K2kGyijPpORPWUXHUpTaleoj+92As0S9uPRP7Oi8IqMf0u+ro6A==,
      }
    dev: true

  /@swc/plugin-transform-imports@1.5.70:
    resolution:
      {
        integrity: sha512-cERR7gMvqiLMWyS7wWGBPWW77Mz23ss/8iAfLj5V+6CdBGYfabpAmBmqR18mvJ2qGc1Dg1GHLPN8JcMXcX95JA==,
      }
    dev: true

  /buffer-from@1.1.2:
    resolution:
      {
        integrity: sha512-E+XQCRwSbaaiChtv6k6Dwgc+bx+Bs6vuKJHHl5kox/BaKbhiXzqQOwK4cO22yElGp2OCmjwVhT3HmxgyPGnJfQ==,
      }
    dev: false

  /joycon@3.1.1:
    resolution:
      {
        integrity: sha512-34wB/Y7MW7bzjKRjUKTa46I2Z7eV62Rkhva+KkopW7Qvv/OSWBqvkSY7vusOPrNuZcUG3tApvdVgNB8POj3SPw==,
      }
    engines: { node: ">=10" }
    dev: true

  /jsonc-parser@3.2.0:
    resolution:
      {
        integrity: sha512-gfFQZrcTc8CnKXp6Y4/CBT3fTc0OVuDofpre4aEeEpSBPV5X5v4+Vmx+8snU7RLPrNHPKSgLxGo9YuQzz20o+w==,
      }
    dev: true

  /source-map-support@0.5.21:
    resolution:
      {
        integrity: sha512-uBHU3L3czsIyYXKX88fdrGovxdSCoTGDRZ6SYXtSRxLZUzHg5P/66Ht6uoUlHu9EZod+inXhKo3qQgwXUT/y1w==,
      }
    dependencies:
      buffer-from: 1.1.2
      source-map: 0.6.1
    dev: false

  /source-map@0.6.1:
    resolution:
      {
        integrity: sha512-UjgapumWlbMhkBgzT7Ykc5YXUT46F0iKu8SGXq0bcwP5dz/h0Plj6enJqjz1Zbq2l5WaqYnrVbwWOWMyF3F47g==,
      }
    engines: { node: ">=0.10.0" }
    dev: false

  /tsconfig-to-swcconfig@2.4.0:
    resolution:
      {
        integrity: sha512-vT1hUG06TC3XCRQoina91VGH5HKfxYgA4hN2Ly0uNxHKNeCds++7aBE2Je62FUTKvvdkTpLjmynF8bzgYcDymA==,
      }
    hasBin: true
    dependencies:
      "@fastify/deepmerge": 1.3.0
      joycon: 3.1.1
      jsonc-parser: 3.2.0
    dev: true

  registry.npmjs.org/typescript@5.2.2:
    resolution:
      {
        integrity: sha512-mI4WrpHsbCIcwT9cF4FZvr80QUeKvsUsUvKDoR+X/7XHQH98xYD8YHZg7ANtz2GtZt/CBq2QJ0thkGJMHfqc1w==,
        registry: https://registry.npmjs.com/,
        tarball: https://registry.npmjs.org/typescript/-/typescript-5.2.2.tgz,
      }
    name: typescript
    version: 5.2.2
    engines: { node: ">=14.17" }
    hasBin: true
    dev: true
