lockfileVersion: "9.0"

settings:
  autoInstallPeers: true
  excludeLinksFromLockfile: false

importers:
  .:
    devDependencies:
      "@swc/core":
        specifier: ~1.11.0
        version: 1.11.16

packages:
  "@swc/core-darwin-arm64@1.11.16":
    resolution:
      {
        integrity: sha512-l6uWMU+MUdfLHCl3dJgtVEdsUHPskoA4BSu0L1hh9SGBwPZ8xeOz8iLIqZM27lTuXxL4KsYH6GQR/OdQ/vhLtg==,
      }
    engines: { node: ">=10" }
    cpu: [arm64]
    os: [darwin]

  "@swc/core-darwin-x64@1.11.16":
    resolution:
      {
        integrity: sha512-TH0IW8Ao1WZ4ARFHIh29dAQHYBEl4YnP74n++rjppmlCjY+8v3s5nXMA7IqxO3b5LVHyggWtU4+46DXTyMJM7g==,
      }
    engines: { node: ">=10" }
    cpu: [x64]
    os: [darwin]

  "@swc/core-linux-arm-gnueabihf@1.11.16":
    resolution:
      {
        integrity: sha512-2IxD9t09oNZrbv37p4cJ9cTHMUAK6qNiShi9s2FJ9LcqSnZSN4iS4hvaaX6KZuG54d58vWnMU7yycjkdOTQcMg==,
      }
    engines: { node: ">=10" }
    cpu: [arm]
    os: [linux]

  "@swc/core-linux-arm64-gnu@1.11.16":
    resolution:
      {
        integrity: sha512-AYkN23DOiPh1bf3XBf/xzZQDKSsgZTxlbyTyUIhprLJpAAAT0ZCGAUcS5mHqydk0nWQ13ABUymodvHoroutNzw==,
      }
    engines: { node: ">=10" }
    cpu: [arm64]
    os: [linux]

  "@swc/core-linux-arm64-musl@1.11.16":
    resolution:
      {
        integrity: sha512-n/nWXDRCIhM51dDGELfBcTMNnCiFatE7LDvsbYxb7DJt1HGjaCNvHHCKURb/apJTh/YNtWfgFap9dbsTgw8yPA==,
      }
    engines: { node: ">=10" }
    cpu: [arm64]
    os: [linux]

  "@swc/core-linux-x64-gnu@1.11.16":
    resolution:
      {
        integrity: sha512-xr182YQrF47n7Awxj+/ruI21bYw+xO/B26KFVnb+i3ezF9NOhqoqTX+33RL1ZLA/uFTq8ksPZO/y+ZVS/odtQA==,
      }
    engines: { node: ">=10" }
    cpu: [x64]
    os: [linux]

  "@swc/core-linux-x64-musl@1.11.16":
    resolution:
      {
        integrity: sha512-k2JBfiwWfXCIKrBRjFO9/vEdLSYq0QLJ+iNSLdfrejZ/aENNkbEg8O7O2GKUSb30RBacn6k8HMfJrcPLFiEyCQ==,
      }
    engines: { node: ">=10" }
    cpu: [x64]
    os: [linux]

  "@swc/core-win32-arm64-msvc@1.11.16":
    resolution:
      {
        integrity: sha512-taOb5U+abyEhQgex+hr6cI48BoqSvSdfmdirWcxprIEUBHCxa1dSriVwnJRAJOFI9T+5BEz88by6rgbB9MjbHA==,
      }
    engines: { node: ">=10" }
    cpu: [arm64]
    os: [win32]

  "@swc/core-win32-ia32-msvc@1.11.16":
    resolution:
      {
        integrity: sha512-b7yYggM9LBDiMY+XUt5kYWvs5sn0U3PXSOGvF3CbLufD/N/YQiDcYON2N3lrWHYL8aYnwbuZl45ojmQHSQPcdA==,
      }
    engines: { node: ">=10" }
    cpu: [ia32]
    os: [win32]

  "@swc/core-win32-x64-msvc@1.11.16":
    resolution:
      {
        integrity: sha512-/ibq/YDc3B5AROkpOKPGxVkSyCKOg+ml8k11RxrW7FAPy6a9y5y9KPcWIqV74Ahq4RuaMNslTQqHWAGSm0xJsQ==,
      }
    engines: { node: ">=10" }
    cpu: [x64]
    os: [win32]

  "@swc/core@1.11.16":
    resolution:
      {
        integrity: sha512-wgjrJqVUss8Lxqilg0vkiE0tkEKU3mZkoybQM1Ehy+PKWwwB6lFAwKi20cAEFlSSWo8jFR8hRo19ZELAoLDowg==,
      }
    engines: { node: ">=10" }
    peerDependencies:
      "@swc/helpers": "*"
    peerDependenciesMeta:
      "@swc/helpers":
        optional: true

  "@swc/counter@0.1.3":
    resolution:
      {
        integrity: sha512-e2BR4lsJkkRlKZ/qCHPw9ZaSxc0MVUd7gtbtaB7aMvHeJVYe8sOB8DBZkP2DtISHGSku9sCK6T6cnY0CtXrOCQ==,
      }

  "@swc/types@0.1.21":
    resolution:
      {
        integrity: sha512-2YEtj5HJVbKivud9N4bpPBAyZhj4S2Ipe5LkUG94alTpr7in/GU/EARgPAd3BwU+YOmFVJC2+kjqhGRi3r0ZpQ==,
      }

snapshots:
  "@swc/core-darwin-arm64@1.11.16":
    optional: true

  "@swc/core-darwin-x64@1.11.16":
    optional: true

  "@swc/core-linux-arm-gnueabihf@1.11.16":
    optional: true

  "@swc/core-linux-arm64-gnu@1.11.16":
    optional: true

  "@swc/core-linux-arm64-musl@1.11.16":
    optional: true

  "@swc/core-linux-x64-gnu@1.11.16":
    optional: true

  "@swc/core-linux-x64-musl@1.11.16":
    optional: true

  "@swc/core-win32-arm64-msvc@1.11.16":
    optional: true

  "@swc/core-win32-ia32-msvc@1.11.16":
    optional: true

  "@swc/core-win32-x64-msvc@1.11.16":
    optional: true

  "@swc/core@1.11.16":
    dependencies:
      "@swc/counter": 0.1.3
      "@swc/types": 0.1.21
    optionalDependencies:
      "@swc/core-darwin-arm64": 1.11.16
      "@swc/core-darwin-x64": 1.11.16
      "@swc/core-linux-arm-gnueabihf": 1.11.16
      "@swc/core-linux-arm64-gnu": 1.11.16
      "@swc/core-linux-arm64-musl": 1.11.16
      "@swc/core-linux-x64-gnu": 1.11.16
      "@swc/core-linux-x64-musl": 1.11.16
      "@swc/core-win32-arm64-msvc": 1.11.16
      "@swc/core-win32-ia32-msvc": 1.11.16
      "@swc/core-win32-x64-msvc": 1.11.16

  "@swc/counter@0.1.3": {}

  "@swc/types@0.1.21":
    dependencies:
      "@swc/counter": 0.1.3
